
Microsoft Visual Studio Solution File, Format Version 12.00
# Visual Studio 15
VisualStudioVersion = 15.0.28307.960
MinimumVisualStudioVersion = 10.0.40219.1
Project("{FAE04EC0-301F-11D3-BF4B-00C04F79EFBC}") = "SampleBasicAuthMvcCoreWebApi", "SampleBasicAuthMvcCoreWebApi\SampleBasicAuthMvcCoreWebApi.csproj", "{CC81A5D2-0757-46CA-ADDB-6E28D0C894FC}"
EndProject
Global
	GlobalSection(SolutionConfigurationPlatforms) = preSolution
		Debug|Any CPU = Debug|Any CPU
		Release|Any CPU = Release|Any CPU
	EndGlobalSection
	GlobalSection(ProjectConfigurationPlatforms) = postSolution
		{CC81A5D2-0757-46CA-ADDB-6E28D0C894FC}.Debug|Any CPU.ActiveCfg = Debug|Any CPU
		{CC81A5D2-0757-46CA-ADDB-6E28D0C894FC}.Debug|Any CPU.Build.0 = Debug|Any CPU
		{CC81A5D2-0757-46CA-ADDB-6E28D0C894FC}.Release|Any CPU.ActiveCfg = Release|Any CPU
		{CC81A5D2-0757-46CA-ADDB-6E28D0C894FC}.Release|Any CPU.Build.0 = Release|Any CPU
	EndGlobalSection
	GlobalSection(SolutionProperties) = preSolution
		HideSolutionNode = FALSE
	EndGlobalSection
	GlobalSection(ExtensibilityGlobals) = postSolution
		SolutionGuid = {6617427C-640B-44E8-8279-44C9262CFC94}
	EndGlobalSection
EndGlobal
